Microsoft Visual Studio Solution File, Format Version 11.00
# Visual Studio 2008

Project("{49547250-ED11-0D64-498F-D28D12107335}") = "HT3", "Assembly-CSharp-firstpass-vs.csproj", "{E4E9F207-03E4-F283-7536-DFA8128DDD44}"
EndProject
Project("{49547250-ED11-0D64-498F-D28D12107335}") = "HT3", "Assembly-CSharp-vs.csproj", "{D3C2C03B-AA77-728D-18F1-DDBEBF606D95}"
EndProject
Project("{49547250-ED11-0D64-498F-D28D12107335}") = "HT3", "Assembly-CSharp-Editor-firstpass-vs.csproj", "{3162A62E-677C-4D1F-19D6-963E4B1B5A73}"
EndProject
Global
	GlobalSection(SolutionConfigurationPlatforms) = preSolution
		Debug|Any CPU = Debug|Any CPU
		Release|Any CPU = Release|Any CPU
	EndGlobalSection
	GlobalSection(ProjectConfigurationPlatforms) = postSolution
		{E4E9F207-03E4-F283-7536-DFA8128DDD44}.Debug|Any CPU.ActiveCfg = Debug|Any CPU
		{E4E9F207-03E4-F283-7536-DFA8128DDD44}.Debug|Any CPU.Build.0 = Debug|Any CPU
		{E4E9F207-03E4-F283-7536-DFA8128DDD44}.Release|Any CPU.ActiveCfg = Release|Any CPU
		{E4E9F207-03E4-F283-7536-DFA8128DDD44}.Release|Any CPU.Build.0 = Release|Any CPU
		{D3C2C03B-AA77-728D-18F1-DDBEBF606D95}.Debug|Any CPU.ActiveCfg = Debug|Any CPU
		{D3C2C03B-AA77-728D-18F1-DDBEBF606D95}.Debug|Any CPU.Build.0 = Debug|Any CPU
		{D3C2C03B-AA77-728D-18F1-DDBEBF606D95}.Release|Any CPU.ActiveCfg = Release|Any CPU
		{D3C2C03B-AA77-728D-18F1-DDBEBF606D95}.Release|Any CPU.Build.0 = Release|Any CPU
		{3162A62E-677C-4D1F-19D6-963E4B1B5A73}.Debug|Any CPU.ActiveCfg = Debug|Any CPU
		{3162A62E-677C-4D1F-19D6-963E4B1B5A73}.Debug|Any CPU.Build.0 = Debug|Any CPU
		{3162A62E-677C-4D1F-19D6-963E4B1B5A73}.Release|Any CPU.ActiveCfg = Release|Any CPU
		{3162A62E-677C-4D1F-19D6-963E4B1B5A73}.Release|Any CPU.Build.0 = Release|Any CPU
	EndGlobalSection
	GlobalSection(SolutionProperties) = preSolution
		HideSolutionNode = FALSE
	EndGlobalSection
		GlobalSection(MonoDevelopProperties) = preSolution
		StartupItem = Assembly-CSharp.csproj
		Policies = $0
		$0.TextStylePolicy = $1
		$1.inheritsSet = null
		$1.scope = text/x-csharp
		$0.CSharpFormattingPolicy = $2
		$2.inheritsSet = Mono
		$2.inheritsScope = text/x-csharp
		$2.scope = text/x-csharp
		$0.TextStylePolicy = $3
		$3.FileWidth = 120
		$3.TabWidth = 4
		$3.IndentWidth = 4
		$3.EolMarker = Unix
		$3.inheritsSet = Mono
		$3.inheritsScope = text/plain
		$3.scope = text/plain
	EndGlobalSection

EndGlobal
