
Microsoft Visual Studio Solution File, Format Version 12.00
# Visual Studio 2015
Project("{FAE04EC0-301F-11D3-BF4B-00C04F79EFBC}") = "Unity Project.Plugins", "Unity Project.Plugins.csproj", "{BBC917CD-3060-7709-2415-E10F5BD4FF73}"
EndProject
Project("{FAE04EC0-301F-11D3-BF4B-00C04F79EFBC}") = "Unity Project", "Unity Project.csproj", "{907B5920-0084-E793-56BB-B0CD340359AA}"
EndProject
Project("{FAE04EC0-301F-11D3-BF4B-00C04F79EFBC}") = "Unity Project.Editor.Plugins", "Unity Project.Editor.Plugins.csproj", "{3EEC84D0-A524-5460-0665-EE9734C3013D}"
EndProject
Global
	GlobalSection(SolutionConfigurationPlatforms) = preSolution
		Debug|Any CPU = Debug|Any CPU
		Release|Any CPU = Release|Any CPU
	EndGlobalSection
	GlobalSection(ProjectConfigurationPlatforms) = postSolution
		{BBC917CD-3060-7709-2415-E10F5BD4FF73}.Debug|Any CPU.ActiveCfg = Debug|Any CPU
		{BBC917CD-3060-7709-2415-E10F5BD4FF73}.Debug|Any CPU.Build.0 = Debug|Any CPU
		{BBC917CD-3060-7709-2415-E10F5BD4FF73}.Release|Any CPU.ActiveCfg = Release|Any CPU
		{BBC917CD-3060-7709-2415-E10F5BD4FF73}.Release|Any CPU.Build.0 = Release|Any CPU
		{907B5920-0084-E793-56BB-B0CD340359AA}.Debug|Any CPU.ActiveCfg = Debug|Any CPU
		{907B5920-0084-E793-56BB-B0CD340359AA}.Debug|Any CPU.Build.0 = Debug|Any CPU
		{907B5920-0084-E793-56BB-B0CD340359AA}.Release|Any CPU.ActiveCfg = Release|Any CPU
		{907B5920-0084-E793-56BB-B0CD340359AA}.Release|Any CPU.Build.0 = Release|Any CPU
		{3EEC84D0-A524-5460-0665-EE9734C3013D}.Debug|Any CPU.ActiveCfg = Debug|Any CPU
		{3EEC84D0-A524-5460-0665-EE9734C3013D}.Debug|Any CPU.Build.0 = Debug|Any CPU
		{3EEC84D0-A524-5460-0665-EE9734C3013D}.Release|Any CPU.ActiveCfg = Release|Any CPU
		{3EEC84D0-A524-5460-0665-EE9734C3013D}.Release|Any CPU.Build.0 = Release|Any CPU
	EndGlobalSection
	GlobalSection(SolutionProperties) = preSolution
		HideSolutionNode = FALSE
	EndGlobalSection
EndGlobal
